
Microsoft Visual Studio Solution File, Format Version 12.00
# Visual Studio Version 17
VisualStudioVersion = 17.4.33213.308
MinimumVisualStudioVersion = 10.0.40219.1
Project("{FAE04EC0-301F-11D3-BF4B-00C04F79EFBC}") = "Calculate", "Calculate\Calculate.csproj", "{3A4C1DDE-EA07-499C-9678-1C662C56B490}"
EndProject
Project("{FAE04EC0-301F-11D3-BF4B-00C04F79EFBC}") = "Calculate.Tests", "Calculate.Tests\Calculate.Tests.csproj", "{5EB9BAD9-1C83-443E-8939-D89A90FBC445}"
EndProject
Project("{2150E333-8FDC-42A3-9474-1A3956D46DE8}") = "Solution Items", "Solution Items", "{6F908B72-518D-4E51-8A16-F8B240F64122}"
	ProjectSection(SolutionItems) = preProject
		Directory.Build.Props = Directory.Build.Props
	EndProjectSection
EndProject
Global
	GlobalSection(SolutionConfigurationPlatforms) = preSolution
		Debug|Any CPU = Debug|Any CPU
		Release|Any CPU = Release|Any CPU
	EndGlobalSection
	GlobalSection(ProjectConfigurationPlatforms) = postSolution
		{3A4C1DDE-EA07-499C-9678-1C662C56B490}.Debug|Any CPU.ActiveCfg = Debug|Any CPU
		{3A4C1DDE-EA07-499C-9678-1C662C56B490}.Debug|Any CPU.Build.0 = Debug|Any CPU
		{3A4C1DDE-EA07-499C-9678-1C662C56B490}.Release|Any CPU.ActiveCfg = Release|Any CPU
		{3A4C1DDE-EA07-499C-9678-1C662C56B490}.Release|Any CPU.Build.0 = Release|Any CPU
		{5EB9BAD9-1C83-443E-8939-D89A90FBC445}.Debug|Any CPU.ActiveCfg = Debug|Any CPU
		{5EB9BAD9-1C83-443E-8939-D89A90FBC445}.Debug|Any CPU.Build.0 = Debug|Any CPU
		{5EB9BAD9-1C83-443E-8939-D89A90FBC445}.Release|Any CPU.ActiveCfg = Release|Any CPU
		{5EB9BAD9-1C83-443E-8939-D89A90FBC445}.Release|Any CPU.Build.0 = Release|Any CPU
	EndGlobalSection
	GlobalSection(SolutionProperties) = preSolution
		HideSolutionNode = FALSE
	EndGlobalSection
	GlobalSection(ExtensibilityGlobals) = postSolution
		SolutionGuid = {1A54ACD7-3683-42BB-9390-A336124D519E}
	EndGlobalSection
EndGlobal
